
Microsoft Visual Studio Solution File, Format Version 12.00
# Visual Studio 2013
# UnrealEngineGeneratedSolutionVersion=1.0
Project("{2150E333-8FDC-42A3-9474-1A3956D46DE8}") = "Engine", "Engine", "{00D7D9F8-9E24-4388-B939-CD1D5E0D97EF}"
EndProject
Project("{2150E333-8FDC-42A3-9474-1A3956D46DE8}") = "Games", "Games", "{B5B71593-38E2-4E95-ADBF-2C3403A22241}"
EndProject
Project("{8BC9CEB8-8B4A-11D0-8D11-00A0C91BC942}") = "Survive", "Intermediate\ProjectFiles\Survive.vcxproj", "{9006ED97-19F7-4A18-AEF4-764F077A49AC}"
EndProject
Project("{8BC9CEB8-8B4A-11D0-8D11-00A0C91BC942}") = "UE4", "Intermediate\ProjectFiles\UE4.vcxproj", "{884DA9B0-D359-4BC9-9BD6-FAAD4B787C39}"
EndProject
Global
	GlobalSection(SolutionConfigurationPlatforms) = preSolution
		DebugGame Editor|Win32 = DebugGame Editor|Win32
		DebugGame Editor|Win64 = DebugGame Editor|Win64
		DebugGame|Win32 = DebugGame|Win32
		DebugGame|Win64 = DebugGame|Win64
		Development Editor|Win32 = Development Editor|Win32
		Development Editor|Win64 = Development Editor|Win64
		Development|Win32 = Development|Win32
		Development|Win64 = Development|Win64
		Shipping|Win32 = Shipping|Win32
		Shipping|Win64 = Shipping|Win64
	EndGlobalSection
	GlobalSection(ProjectConfigurationPlatforms) = postSolution
		{9006ED97-19F7-4A18-AEF4-764F077A49AC}.DebugGame Editor|Win32.ActiveCfg = DebugGame_Editor|Win32
		{9006ED97-19F7-4A18-AEF4-764F077A49AC}.DebugGame Editor|Win32.Build.0 = DebugGame_Editor|Win32
		{9006ED97-19F7-4A18-AEF4-764F077A49AC}.DebugGame Editor|Win64.ActiveCfg = DebugGame_Editor|x64
		{9006ED97-19F7-4A18-AEF4-764F077A49AC}.DebugGame Editor|Win64.Build.0 = DebugGame_Editor|x64
		{9006ED97-19F7-4A18-AEF4-764F077A49AC}.DebugGame|Win32.ActiveCfg = DebugGame_Game|Win32
		{9006ED97-19F7-4A18-AEF4-764F077A49AC}.DebugGame|Win32.Build.0 = DebugGame_Game|Win32
		{9006ED97-19F7-4A18-AEF4-764F077A49AC}.DebugGame|Win64.ActiveCfg = DebugGame_Game|x64
		{9006ED97-19F7-4A18-AEF4-764F077A49AC}.DebugGame|Win64.Build.0 = DebugGame_Game|x64
		{9006ED97-19F7-4A18-AEF4-764F077A49AC}.Development Editor|Win32.ActiveCfg = Development_Editor|Win32
		{9006ED97-19F7-4A18-AEF4-764F077A49AC}.Development Editor|Win32.Build.0 = Development_Editor|Win32
		{9006ED97-19F7-4A18-AEF4-764F077A49AC}.Development Editor|Win64.ActiveCfg = Development_Editor|x64
		{9006ED97-19F7-4A18-AEF4-764F077A49AC}.Development Editor|Win64.Build.0 = Development_Editor|x64
		{9006ED97-19F7-4A18-AEF4-764F077A49AC}.Development|Win32.ActiveCfg = Development_Game|Win32
		{9006ED97-19F7-4A18-AEF4-764F077A49AC}.Development|Win32.Build.0 = Development_Game|Win32
		{9006ED97-19F7-4A18-AEF4-764F077A49AC}.Development|Win64.ActiveCfg = Development_Game|x64
		{9006ED97-19F7-4A18-AEF4-764F077A49AC}.Development|Win64.Build.0 = Development_Game|x64
		{9006ED97-19F7-4A18-AEF4-764F077A49AC}.Shipping|Win32.ActiveCfg = Shipping_Game|Win32
		{9006ED97-19F7-4A18-AEF4-764F077A49AC}.Shipping|Win32.Build.0 = Shipping_Game|Win32
		{9006ED97-19F7-4A18-AEF4-764F077A49AC}.Shipping|Win64.ActiveCfg = Shipping_Game|x64
		{9006ED97-19F7-4A18-AEF4-764F077A49AC}.Shipping|Win64.Build.0 = Shipping_Game|x64
	EndGlobalSection
	GlobalSection(SolutionProperties) = preSolution
		HideSolutionNode = FALSE
	EndGlobalSection
	GlobalSection(NestedProjects) = preSolution
		{884DA9B0-D359-4BC9-9BD6-FAAD4B787C39} = {00D7D9F8-9E24-4388-B939-CD1D5E0D97EF}
		{9006ED97-19F7-4A18-AEF4-764F077A49AC} = {B5B71593-38E2-4E95-ADBF-2C3403A22241}
	EndGlobalSection
EndGlobal
