
Microsoft Visual Studio Solution File, Format Version 12.00
# Visual Studio 2013
VisualStudioVersion = 12.0.31101.0
MinimumVisualStudioVersion = 10.0.40219.1
Project("{2150E333-8FDC-42A3-9474-1A3956D46DE8}") = "Engine", "Engine", "{13D4FBCC-70D8-4E7A-A10E-DB10A229E731}"
EndProject
Project("{2150E333-8FDC-42A3-9474-1A3956D46DE8}") = "Games", "Games", "{2A336EC5-A0BC-454E-A923-53B5E658CC27}"
EndProject
Project("{8BC9CEB8-8B4A-11D0-8D11-00A0C91BC942}") = "Survive", "Intermediate\ProjectFiles\Survive.vcxproj", "{FEE8F666-8C64-4E4E-8A99-5A5DF4F2085D}"
EndProject
Project("{8BC9CEB8-8B4A-11D0-8D11-00A0C91BC942}") = "UE4", "Intermediate\ProjectFiles\UE4.vcxproj", "{B1A3790E-DA51-472F-B3BD-417898728013}"
EndProject
Global
	GlobalSection(SolutionConfigurationPlatforms) = preSolution
		DebugGame Editor|Win32 = DebugGame Editor|Win32
		DebugGame Editor|Win64 = DebugGame Editor|Win64
		DebugGame|Win32 = DebugGame|Win32
		DebugGame|Win64 = DebugGame|Win64
		Development Editor|Win32 = Development Editor|Win32
		Development Editor|Win64 = Development Editor|Win64
		Development|Win32 = Development|Win32
		Development|Win64 = Development|Win64
		Shipping|Win32 = Shipping|Win32
		Shipping|Win64 = Shipping|Win64
	EndGlobalSection
	GlobalSection(ProjectConfigurationPlatforms) = postSolution
		{FEE8F666-8C64-4E4E-8A99-5A5DF4F2085D}.DebugGame Editor|Win32.ActiveCfg = DebugGame_Editor|Win32
		{FEE8F666-8C64-4E4E-8A99-5A5DF4F2085D}.DebugGame Editor|Win32.Build.0 = DebugGame_Editor|Win32
		{FEE8F666-8C64-4E4E-8A99-5A5DF4F2085D}.DebugGame Editor|Win64.ActiveCfg = DebugGame_Editor|x64
		{FEE8F666-8C64-4E4E-8A99-5A5DF4F2085D}.DebugGame Editor|Win64.Build.0 = DebugGame_Editor|x64
		{FEE8F666-8C64-4E4E-8A99-5A5DF4F2085D}.DebugGame|Win32.ActiveCfg = DebugGame_Game|Win32
		{FEE8F666-8C64-4E4E-8A99-5A5DF4F2085D}.DebugGame|Win32.Build.0 = DebugGame_Game|Win32
		{FEE8F666-8C64-4E4E-8A99-5A5DF4F2085D}.DebugGame|Win64.ActiveCfg = DebugGame_Game|x64
		{FEE8F666-8C64-4E4E-8A99-5A5DF4F2085D}.DebugGame|Win64.Build.0 = DebugGame_Game|x64
		{FEE8F666-8C64-4E4E-8A99-5A5DF4F2085D}.Development Editor|Win32.ActiveCfg = Development_Editor|Win32
		{FEE8F666-8C64-4E4E-8A99-5A5DF4F2085D}.Development Editor|Win32.Build.0 = Development_Editor|Win32
		{FEE8F666-8C64-4E4E-8A99-5A5DF4F2085D}.Development Editor|Win64.ActiveCfg = Development_Editor|x64
		{FEE8F666-8C64-4E4E-8A99-5A5DF4F2085D}.Development Editor|Win64.Build.0 = Development_Editor|x64
		{FEE8F666-8C64-4E4E-8A99-5A5DF4F2085D}.Development|Win32.ActiveCfg = Development_Game|Win32
		{FEE8F666-8C64-4E4E-8A99-5A5DF4F2085D}.Development|Win32.Build.0 = Development_Game|Win32
		{FEE8F666-8C64-4E4E-8A99-5A5DF4F2085D}.Development|Win64.ActiveCfg = Development_Game|x64
		{FEE8F666-8C64-4E4E-8A99-5A5DF4F2085D}.Development|Win64.Build.0 = Development_Game|x64
		{FEE8F666-8C64-4E4E-8A99-5A5DF4F2085D}.Shipping|Win32.ActiveCfg = Shipping_Game|Win32
		{FEE8F666-8C64-4E4E-8A99-5A5DF4F2085D}.Shipping|Win32.Build.0 = Shipping_Game|Win32
		{FEE8F666-8C64-4E4E-8A99-5A5DF4F2085D}.Shipping|Win64.ActiveCfg = Shipping_Game|x64
		{FEE8F666-8C64-4E4E-8A99-5A5DF4F2085D}.Shipping|Win64.Build.0 = Shipping_Game|x64
		{B1A3790E-DA51-472F-B3BD-417898728013}.DebugGame Editor|Win32.ActiveCfg = BuiltWithUnrealBuildTool|Win32
		{B1A3790E-DA51-472F-B3BD-417898728013}.DebugGame Editor|Win32.Build.0 = BuiltWithUnrealBuildTool|Win32
		{B1A3790E-DA51-472F-B3BD-417898728013}.DebugGame Editor|Win64.ActiveCfg = BuiltWithUnrealBuildTool|Win32
		{B1A3790E-DA51-472F-B3BD-417898728013}.DebugGame|Win32.ActiveCfg = BuiltWithUnrealBuildTool|Win32
		{B1A3790E-DA51-472F-B3BD-417898728013}.DebugGame|Win32.Build.0 = BuiltWithUnrealBuildTool|Win32
		{B1A3790E-DA51-472F-B3BD-417898728013}.DebugGame|Win64.ActiveCfg = BuiltWithUnrealBuildTool|Win32
		{B1A3790E-DA51-472F-B3BD-417898728013}.Development Editor|Win32.ActiveCfg = BuiltWithUnrealBuildTool|Win32
		{B1A3790E-DA51-472F-B3BD-417898728013}.Development Editor|Win32.Build.0 = BuiltWithUnrealBuildTool|Win32
		{B1A3790E-DA51-472F-B3BD-417898728013}.Development Editor|Win64.ActiveCfg = BuiltWithUnrealBuildTool|Win32
		{B1A3790E-DA51-472F-B3BD-417898728013}.Development|Win32.ActiveCfg = BuiltWithUnrealBuildTool|Win32
		{B1A3790E-DA51-472F-B3BD-417898728013}.Development|Win32.Build.0 = BuiltWithUnrealBuildTool|Win32
		{B1A3790E-DA51-472F-B3BD-417898728013}.Development|Win64.ActiveCfg = BuiltWithUnrealBuildTool|Win32
		{B1A3790E-DA51-472F-B3BD-417898728013}.Shipping|Win32.ActiveCfg = BuiltWithUnrealBuildTool|Win32
		{B1A3790E-DA51-472F-B3BD-417898728013}.Shipping|Win32.Build.0 = BuiltWithUnrealBuildTool|Win32
		{B1A3790E-DA51-472F-B3BD-417898728013}.Shipping|Win64.ActiveCfg = BuiltWithUnrealBuildTool|Win32
	EndGlobalSection
	GlobalSection(SolutionProperties) = preSolution
		HideSolutionNode = FALSE
	EndGlobalSection
	GlobalSection(NestedProjects) = preSolution
		{FEE8F666-8C64-4E4E-8A99-5A5DF4F2085D} = {2A336EC5-A0BC-454E-A923-53B5E658CC27}
		{B1A3790E-DA51-472F-B3BD-417898728013} = {13D4FBCC-70D8-4E7A-A10E-DB10A229E731}
	EndGlobalSection
EndGlobal
