
Microsoft Visual Studio Solution File, Format Version 12.00
# Visual Studio 2013
# UnrealEngineGeneratedSolutionVersion=1.0
Project("{2150E333-8FDC-42A3-9474-1A3956D46DE8}") = "Engine", "Engine", "{78A047A8-917D-4159-BB45-10D8C51457BB}"
EndProject
Project("{2150E333-8FDC-42A3-9474-1A3956D46DE8}") = "Games", "Games", "{859FE9C1-4105-4DFC-9058-9845E53318BF}"
EndProject
Project("{8BC9CEB8-8B4A-11D0-8D11-00A0C91BC942}") = "Survive", "Intermediate\ProjectFiles\Survive.vcxproj", "{FEE8F666-8C64-4E4E-8A99-5A5DF4F2085D}"
EndProject
Project("{8BC9CEB8-8B4A-11D0-8D11-00A0C91BC942}") = "UE4", "Intermediate\ProjectFiles\UE4.vcxproj", "{B1A3790E-DA51-472F-B3BD-417898728013}"
EndProject
Global
	GlobalSection(SolutionConfigurationPlatforms) = preSolution
		DebugGame Editor|Win32 = DebugGame Editor|Win32
		DebugGame Editor|Win64 = DebugGame Editor|Win64
		DebugGame|Win32 = DebugGame|Win32
		DebugGame|Win64 = DebugGame|Win64
		Development Editor|Win32 = Development Editor|Win32
		Development Editor|Win64 = Development Editor|Win64
		Development|Win32 = Development|Win32
		Development|Win64 = Development|Win64
		Shipping|Win32 = Shipping|Win32
		Shipping|Win64 = Shipping|Win64
	EndGlobalSection
	GlobalSection(ProjectConfigurationPlatforms) = postSolution
		{FEE8F666-8C64-4E4E-8A99-5A5DF4F2085D}.DebugGame Editor|Win32.ActiveCfg = DebugGame_Editor|Win32
		{FEE8F666-8C64-4E4E-8A99-5A5DF4F2085D}.DebugGame Editor|Win32.Build.0 = DebugGame_Editor|Win32
		{FEE8F666-8C64-4E4E-8A99-5A5DF4F2085D}.DebugGame Editor|Win64.ActiveCfg = DebugGame_Editor|x64
		{FEE8F666-8C64-4E4E-8A99-5A5DF4F2085D}.DebugGame Editor|Win64.Build.0 = DebugGame_Editor|x64
		{FEE8F666-8C64-4E4E-8A99-5A5DF4F2085D}.DebugGame|Win32.ActiveCfg = DebugGame_Game|Win32
		{FEE8F666-8C64-4E4E-8A99-5A5DF4F2085D}.DebugGame|Win32.Build.0 = DebugGame_Game|Win32
		{FEE8F666-8C64-4E4E-8A99-5A5DF4F2085D}.DebugGame|Win64.ActiveCfg = DebugGame_Game|x64
		{FEE8F666-8C64-4E4E-8A99-5A5DF4F2085D}.DebugGame|Win64.Build.0 = DebugGame_Game|x64
		{FEE8F666-8C64-4E4E-8A99-5A5DF4F2085D}.Development Editor|Win32.ActiveCfg = Development_Editor|Win32
		{FEE8F666-8C64-4E4E-8A99-5A5DF4F2085D}.Development Editor|Win32.Build.0 = Development_Editor|Win32
		{FEE8F666-8C64-4E4E-8A99-5A5DF4F2085D}.Development Editor|Win64.ActiveCfg = Development_Editor|x64
		{FEE8F666-8C64-4E4E-8A99-5A5DF4F2085D}.Development Editor|Win64.Build.0 = Development_Editor|x64
		{FEE8F666-8C64-4E4E-8A99-5A5DF4F2085D}.Development|Win32.ActiveCfg = Development_Game|Win32
		{FEE8F666-8C64-4E4E-8A99-5A5DF4F2085D}.Development|Win32.Build.0 = Development_Game|Win32
		{FEE8F666-8C64-4E4E-8A99-5A5DF4F2085D}.Development|Win64.ActiveCfg = Development_Game|x64
		{FEE8F666-8C64-4E4E-8A99-5A5DF4F2085D}.Development|Win64.Build.0 = Development_Game|x64
		{FEE8F666-8C64-4E4E-8A99-5A5DF4F2085D}.Shipping|Win32.ActiveCfg = Shipping_Game|Win32
		{FEE8F666-8C64-4E4E-8A99-5A5DF4F2085D}.Shipping|Win32.Build.0 = Shipping_Game|Win32
		{FEE8F666-8C64-4E4E-8A99-5A5DF4F2085D}.Shipping|Win64.ActiveCfg = Shipping_Game|x64
		{FEE8F666-8C64-4E4E-8A99-5A5DF4F2085D}.Shipping|Win64.Build.0 = Shipping_Game|x64
	EndGlobalSection
	GlobalSection(SolutionProperties) = preSolution
		HideSolutionNode = FALSE
	EndGlobalSection
	GlobalSection(NestedProjects) = preSolution
		{B1A3790E-DA51-472F-B3BD-417898728013} = {78A047A8-917D-4159-BB45-10D8C51457BB}
		{FEE8F666-8C64-4E4E-8A99-5A5DF4F2085D} = {859FE9C1-4105-4DFC-9058-9845E53318BF}
	EndGlobalSection
EndGlobal
